
Microsoft Visual Studio Solution File, Format Version 12.00
# Visual Studio Version 17
VisualStudioVersion = 17.14.36401.2 d17.14
MinimumVisualStudioVersion = 10.0.40219.1
Project("{FAE04EC0-301F-11D3-BF4B-00C04F79EFBC}") = "TaskFlow.Domain", "TaskFlow.Domain\TaskFlow.Domain.csproj", "{962C3C25-4FB1-490B-BAFA-650712675C01}"
EndProject
Project("{FAE04EC0-301F-11D3-BF4B-00C04F79EFBC}") = "TaskFlow.Application", "TaskFlow.Application\TaskFlow.Application.csproj", "{AA1B768C-0FF9-4DEA-B36B-9FA9F94E9290}"
EndProject
Project("{FAE04EC0-301F-11D3-BF4B-00C04F79EFBC}") = "TaskFlow.Infrastructure", "TaskFlow.Infrastructure\TaskFlow.Infrastructure.csproj", "{CC97525C-6BD9-4D02-88A9-7AC7511DB606}"
EndProject
Project("{FAE04EC0-301F-11D3-BF4B-00C04F79EFBC}") = "TaskFlow.API", "TaskFlow.API\TaskFlow.API.csproj", "{F5906D6E-127A-4B19-9AD6-08C9DED4B752}"
EndProject
Global
	GlobalSection(SolutionConfigurationPlatforms) = preSolution
		Debug|Any CPU = Debug|Any CPU
		Release|Any CPU = Release|Any CPU
	EndGlobalSection
	GlobalSection(ProjectConfigurationPlatforms) = postSolution
		{962C3C25-4FB1-490B-BAFA-650712675C01}.Debug|Any CPU.ActiveCfg = Debug|Any CPU
		{962C3C25-4FB1-490B-BAFA-650712675C01}.Debug|Any CPU.Build.0 = Debug|Any CPU
		{962C3C25-4FB1-490B-BAFA-650712675C01}.Release|Any CPU.ActiveCfg = Release|Any CPU
		{962C3C25-4FB1-490B-BAFA-650712675C01}.Release|Any CPU.Build.0 = Release|Any CPU
		{AA1B768C-0FF9-4DEA-B36B-9FA9F94E9290}.Debug|Any CPU.ActiveCfg = Debug|Any CPU
		{AA1B768C-0FF9-4DEA-B36B-9FA9F94E9290}.Debug|Any CPU.Build.0 = Debug|Any CPU
		{AA1B768C-0FF9-4DEA-B36B-9FA9F94E9290}.Release|Any CPU.ActiveCfg = Release|Any CPU
		{AA1B768C-0FF9-4DEA-B36B-9FA9F94E9290}.Release|Any CPU.Build.0 = Release|Any CPU
		{CC97525C-6BD9-4D02-88A9-7AC7511DB606}.Debug|Any CPU.ActiveCfg = Debug|Any CPU
		{CC97525C-6BD9-4D02-88A9-7AC7511DB606}.Debug|Any CPU.Build.0 = Debug|Any CPU
		{CC97525C-6BD9-4D02-88A9-7AC7511DB606}.Release|Any CPU.ActiveCfg = Release|Any CPU
		{CC97525C-6BD9-4D02-88A9-7AC7511DB606}.Release|Any CPU.Build.0 = Release|Any CPU
		{F5906D6E-127A-4B19-9AD6-08C9DED4B752}.Debug|Any CPU.ActiveCfg = Debug|Any CPU
		{F5906D6E-127A-4B19-9AD6-08C9DED4B752}.Debug|Any CPU.Build.0 = Debug|Any CPU
		{F5906D6E-127A-4B19-9AD6-08C9DED4B752}.Release|Any CPU.ActiveCfg = Release|Any CPU
		{F5906D6E-127A-4B19-9AD6-08C9DED4B752}.Release|Any CPU.Build.0 = Release|Any CPU
	EndGlobalSection
	GlobalSection(SolutionProperties) = preSolution
		HideSolutionNode = FALSE
	EndGlobalSection
	GlobalSection(ExtensibilityGlobals) = postSolution
		SolutionGuid = {AE8F1945-7A7C-4F73-920B-7C404436913D}
	EndGlobalSection
EndGlobal
